{
  "name": "skimjs",
  "version": "0.0.23",
  "lockfileVersion": 1,
  "requires": true,
  "dependencies": {
    "pureable": {
      "version": "0.0.4",
      "resolved": "https://registry.npmjs.org/pureable/-/pureable-0.0.4.tgz",
      "integrity": "sha512-a3ecz5Modhnyv0S00Vp8d8Wyd6kiD836wuJ22zvyorDNNjG4nDPh0IJw7zRkbsLqmvc9oPlxddWfdQoqBMFFvA==",
      "dev": true
    }
  }
}
